// !$*UTF8*$!
{
	archiveVersion = 1;
	classes = {
	};
	objectVersion = 50;
	objects = {

/* Begin PBXBuildFile section */
		53113AB12618DE1200D1C5DC /* DoubleConversion.h in Headers */ = {isa = PBXBuildFile; fileRef = 53113AAF2618DE1200D1C5DC /* DoubleConversion.h */; settings = {ATTRIBUTES = (Public, ); }; };
		53113AD12618DE2100D1C5DC /* bignum.cc in Sources */ = {isa = PBXBuildFile; fileRef = 53113ABB2618DE2100D1C5DC /* bignum.cc */; };
		53113AD32618DE2100D1C5DC /* string-to-double.cc in Sources */ = {isa = PBXBuildFile; fileRef = 53113ABD2618DE2100D1C5DC /* string-to-double.cc */; };
		53113AD52618DE2100D1C5DC /* fixed-dtoa.cc in Sources */ = {isa = PBXBuildFile; fileRef = 53113ABF2618DE2100D1C5DC /* fixed-dtoa.cc */; };
		53113AD92618DE2100D1C5DC /* strtod.cc in Sources */ = {isa = PBXBuildFile; fileRef = 53113AC32618DE2100D1C5DC /* strtod.cc */; };
		53113ADC2618DE2100D1C5DC /* fast-dtoa.cc in Sources */ = {isa = PBXBuildFile; fileRef = 53113AC62618DE2100D1C5DC /* fast-dtoa.cc */; };
		53113ADE2618DE2100D1C5DC /* double-to-string.cc in Sources */ = {isa = PBXBuildFile; fileRef = 53113AC82618DE2100D1C5DC /* double-to-string.cc */; };
		53113ADF2618DE2100D1C5DC /* cached-powers.cc in Sources */ = {isa = PBXBuildFile; fileRef = 53113AC92618DE2100D1C5DC /* cached-powers.cc */; };
		53113AE42618DE2100D1C5DC /* bignum-dtoa.cc in Sources */ = {isa = PBXBuildFile; fileRef = 53113ACE2618DE2100D1C5DC /* bignum-dtoa.cc */; };
/* End PBXBuildFile section */

/* Begin PBXCopyFilesBuildPhase section */
		53113BB92619195F00D1C5DC /* CopyFiles */ = {
			isa = PBXCopyFilesBuildPhase;
			buildActionMask = 2147483647;
			dstPath = "";
			dstSubfolderSpec = 7;
			files = (
			);
			runOnlyForDeploymentPostprocessing = 0;
		};
/* End PBXCopyFilesBuildPhase section */

/* Begin PBXFileReference section */
		53113AAC2618DE1200D1C5DC /* DoubleConversion.framework */ = {isa = PBXFileReference; explicitFileType = wrapper.framework; includeInIndex = 0; path = DoubleConversion.framework; sourceTree = BUILT_PRODUCTS_DIR; };
		53113AAF2618DE1200D1C5DC /* DoubleConversion.h */ = {isa = PBXFileReference; lastKnownFileType = sourcecode.c.h; path = DoubleConversion.h; sourceTree = "<group>"; };
		53113AB02618DE1200D1C5DC /* Info.plist */ = {isa = PBXFileReference; lastKnownFileType = text.plist.xml; path = Info.plist; sourceTree = "<group>"; };
		53113AB92618DE2100D1C5DC /* string-to-double.h */ = {isa = PBXFileReference; fileEncoding = 4; lastKnownFileType = sourcecode.c.h; path = "string-to-double.h"; sourceTree = "<group>"; };
		53113ABA2618DE2100D1C5DC /* utils.h */ = {isa = PBXFileReference; fileEncoding = 4; lastKnownFileType = sourcecode.c.h; path = utils.h; sourceTree = "<group>"; };
		53113ABB2618DE2100D1C5DC /* bignum.cc */ = {isa = PBXFileReference; fileEncoding = 4; lastKnownFileType = sourcecode.cpp.cpp; path = bignum.cc; sourceTree = "<group>"; };
		53113ABC2618DE2100D1C5DC /* fixed-dtoa.h */ = {isa = PBXFileReference; fileEncoding = 4; lastKnownFileType = sourcecode.c.h; path = "fixed-dtoa.h"; sourceTree = "<group>"; };
		53113ABD2618DE2100D1C5DC /* string-to-double.cc */ = {isa = PBXFileReference; fileEncoding = 4; lastKnownFileType = sourcecode.cpp.cpp; path = "string-to-double.cc"; sourceTree = "<group>"; };
		53113ABE2618DE2100D1C5DC /* bignum-dtoa.h */ = {isa = PBXFileReference; fileEncoding = 4; lastKnownFileType = sourcecode.c.h; path = "bignum-dtoa.h"; sourceTree = "<group>"; };
		53113ABF2618DE2100D1C5DC /* fixed-dtoa.cc */ = {isa = PBXFileReference; fileEncoding = 4; lastKnownFileType = sourcecode.cpp.cpp; path = "fixed-dtoa.cc"; sourceTree = "<group>"; };
		53113AC02618DE2100D1C5DC /* double-to-string.h */ = {isa = PBXFileReference; fileEncoding = 4; lastKnownFileType = sourcecode.c.h; path = "double-to-string.h"; sourceTree = "<group>"; };
		53113AC12618DE2100D1C5DC /* strtod.h */ = {isa = PBXFileReference; fileEncoding = 4; lastKnownFileType = sourcecode.c.h; path = strtod.h; sourceTree = "<group>"; };
		53113AC22618DE2100D1C5DC /* diy-fp.h */ = {isa = PBXFileReference; fileEncoding = 4; lastKnownFileType = sourcecode.c.h; path = "diy-fp.h"; sourceTree = "<group>"; };
		53113AC32618DE2100D1C5DC /* strtod.cc */ = {isa = PBXFileReference; fileEncoding = 4; lastKnownFileType = sourcecode.cpp.cpp; path = strtod.cc; sourceTree = "<group>"; };
		53113AC42618DE2100D1C5DC /* cached-powers.h */ = {isa = PBXFileReference; fileEncoding = 4; lastKnownFileType = sourcecode.c.h; path = "cached-powers.h"; sourceTree = "<group>"; };
		53113AC52618DE2100D1C5DC /* double-conversion.h */ = {isa = PBXFileReference; fileEncoding = 4; lastKnownFileType = sourcecode.c.h; path = "double-conversion.h"; sourceTree = "<group>"; };
		53113AC62618DE2100D1C5DC /* fast-dtoa.cc */ = {isa = PBXFileReference; fileEncoding = 4; lastKnownFileType = sourcecode.cpp.cpp; path = "fast-dtoa.cc"; sourceTree = "<group>"; };
		53113AC82618DE2100D1C5DC /* double-to-string.cc */ = {isa = PBXFileReference; fileEncoding = 4; lastKnownFileType = sourcecode.cpp.cpp; path = "double-to-string.cc"; sourceTree = "<group>"; };
		53113AC92618DE2100D1C5DC /* cached-powers.cc */ = {isa = PBXFileReference; fileEncoding = 4; lastKnownFileType = sourcecode.cpp.cpp; path = "cached-powers.cc"; sourceTree = "<group>"; };
		53113ACB2618DE2100D1C5DC /* ieee.h */ = {isa = PBXFileReference; fileEncoding = 4; lastKnownFileType = sourcecode.c.h; path = ieee.h; sourceTree = "<group>"; };
		53113ACC2618DE2100D1C5DC /* bignum.h */ = {isa = PBXFileReference; fileEncoding = 4; lastKnownFileType = sourcecode.c.h; path = bignum.h; sourceTree = "<group>"; };
		53113ACD2618DE2100D1C5DC /* fast-dtoa.h */ = {isa = PBXFileReference; fileEncoding = 4; lastKnownFileType = sourcecode.c.h; path = "fast-dtoa.h"; sourceTree = "<group>"; };
		53113ACE2618DE2100D1C5DC /* bignum-dtoa.cc */ = {isa = PBXFileReference; fileEncoding = 4; lastKnownFileType = sourcecode.cpp.cpp; path = "bignum-dtoa.cc"; sourceTree = "<group>"; };
/* End PBXFileReference section */

/* Begin PBXFrameworksBuildPhase section */
		53113AA92618DE1200D1C5DC /* Frameworks */ = {
			isa = PBXFrameworksBuildPhase;
			buildActionMask = 2147483647;
			files = (
			);
			runOnlyForDeploymentPostprocessing = 0;
		};
/* End PBXFrameworksBuildPhase section */

/* Begin PBXGroup section */
		53113AA22618DE1200D1C5DC = {
			isa = PBXGroup;
			children = (
				53113AB82618DE2100D1C5DC /* double-conversion */,
				53113AAE2618DE1200D1C5DC /* DoubleConversion */,
				53113AAD2618DE1200D1C5DC /* Products */,
			);
			sourceTree = "<group>";
		};
		53113AAD2618DE1200D1C5DC /* Products */ = {
			isa = PBXGroup;
			children = (
				53113AAC2618DE1200D1C5DC /* DoubleConversion.framework */,
			);
			name = Products;
			sourceTree = "<group>";
		};
		53113AAE2618DE1200D1C5DC /* DoubleConversion */ = {
			isa = PBXGroup;
			children = (
				53113AAF2618DE1200D1C5DC /* DoubleConversion.h */,
				53113AB02618DE1200D1C5DC /* Info.plist */,
			);
			path = DoubleConversion;
			sourceTree = "<group>";
		};
		53113AB82618DE2100D1C5DC /* double-conversion */ = {
			isa = PBXGroup;
			children = (
				53113AB92618DE2100D1C5DC /* string-to-double.h */,
				53113ABA2618DE2100D1C5DC /* utils.h */,
				53113ABB2618DE2100D1C5DC /* bignum.cc */,
				53113ABC2618DE2100D1C5DC /* fixed-dtoa.h */,
				53113ABD2618DE2100D1C5DC /* string-to-double.cc */,
				53113ABE2618DE2100D1C5DC /* bignum-dtoa.h */,
				53113ABF2618DE2100D1C5DC /* fixed-dtoa.cc */,
				53113AC02618DE2100D1C5DC /* double-to-string.h */,
				53113AC12618DE2100D1C5DC /* strtod.h */,
				53113AC22618DE2100D1C5DC /* diy-fp.h */,
				53113AC32618DE2100D1C5DC /* strtod.cc */,
				53113AC42618DE2100D1C5DC /* cached-powers.h */,
				53113AC52618DE2100D1C5DC /* double-conversion.h */,
				53113AC62618DE2100D1C5DC /* fast-dtoa.cc */,
				53113AC82618DE2100D1C5DC /* double-to-string.cc */,
				53113AC92618DE2100D1C5DC /* cached-powers.cc */,
				53113ACB2618DE2100D1C5DC /* ieee.h */,
				53113ACC2618DE2100D1C5DC /* bignum.h */,
				53113ACD2618DE2100D1C5DC /* fast-dtoa.h */,
				53113ACE2618DE2100D1C5DC /* bignum-dtoa.cc */,
			);
			path = "double-conversion";
			sourceTree = "<group>";
		};
/* End PBXGroup section */

/* Begin PBXHeadersBuildPhase section */
		53113AA72618DE1200D1C5DC /* Headers */ = {
			isa = PBXHeadersBuildPhase;
			buildActionMask = 2147483647;
			files = (
				53113AB12618DE1200D1C5DC /* DoubleConversion.h in Headers */,
			);
			runOnlyForDeploymentPostprocessing = 0;
		};
/* End PBXHeadersBuildPhase section */

/* Begin PBXNativeTarget section */
		53113AAB2618DE1200D1C5DC /* DoubleConversion */ = {
			isa = PBXNativeTarget;
			buildConfigurationList = 53113AB42618DE1200D1C5DC /* Build configuration list for PBXNativeTarget "DoubleConversion" */;
			buildPhases = (
				53113AA72618DE1200D1C5DC /* Headers */,
				53113AA82618DE1200D1C5DC /* Sources */,
				53113AA92618DE1200D1C5DC /* Frameworks */,
				53113AAA2618DE1200D1C5DC /* Resources */,
				53113BB82619195800D1C5DC /* ShellScript */,
				53113BB92619195F00D1C5DC /* CopyFiles */,
			);
			buildRules = (
			);
			dependencies = (
			);
			name = DoubleConversion;
			productName = DoubleConversion;
			productReference = 53113AAC2618DE1200D1C5DC /* DoubleConversion.framework */;
			productType = "com.apple.product-type.framework";
		};
/* End PBXNativeTarget section */

/* Begin PBXProject section */
		53113AA32618DE1200D1C5DC /* Project object */ = {
			isa = PBXProject;
			attributes = {
				LastUpgradeCheck = 1240;
				TargetAttributes = {
					53113AAB2618DE1200D1C5DC = {
						CreatedOnToolsVersion = 12.4;
					};
				};
			};
			buildConfigurationList = 53113AA62618DE1200D1C5DC /* Build configuration list for PBXProject "DoubleConversion" */;
			compatibilityVersion = "Xcode 9.3";
			developmentRegion = en;
			hasScannedForEncodings = 0;
			knownRegions = (
				en,
				Base,
			);
			mainGroup = 53113AA22618DE1200D1C5DC;
			productRefGroup = 53113AAD2618DE1200D1C5DC /* Products */;
			projectDirPath = "";
			projectRoot = "";
			targets = (
				53113AAB2618DE1200D1C5DC /* DoubleConversion */,
			);
		};
/* End PBXProject section */

/* Begin PBXResourcesBuildPhase section */
		53113AAA2618DE1200D1C5DC /* Resources */ = {
			isa = PBXResourcesBuildPhase;
			buildActionMask = 2147483647;
			files = (
			);
			runOnlyForDeploymentPostprocessing = 0;
		};
/* End PBXResourcesBuildPhase section */

/* Begin PBXShellScriptBuildPhase section */
		53113BB82619195800D1C5DC /* ShellScript */ = {
			isa = PBXShellScriptBuildPhase;
			buildActionMask = 2147483647;
			files = (
			);
			inputFileListPaths = (
			);
			inputPaths = (
			);
			outputFileListPaths = (
			);
			outputPaths = (
			);
			runOnlyForDeploymentPostprocessing = 0;
			shellPath = /bin/sh;
			shellScript = "# Type a script or drag a script file from your workspace to insert its path.\ncd \"${SRCROOT}/double-conversion\"\n\necho 'Copying headers into Framework..'\nfor H in `find . -name \"*.h\"`;  do\n    echo \"copying ${H} to ${BUILT_PRODUCTS_DIR}/${PUBLIC_HEADERS_FOLDER_PATH}/double-conversion/${H}\"\n    ditto \"${H}\" \"${BUILT_PRODUCTS_DIR}/${PUBLIC_HEADERS_FOLDER_PATH}/double-conversion/${H}\"\ndone\n";
		};
/* End PBXShellScriptBuildPhase section */

/* Begin PBXSourcesBuildPhase section */
		53113AA82618DE1200D1C5DC /* Sources */ = {
			isa = PBXSourcesBuildPhase;
			buildActionMask = 2147483647;
			files = (
				53113ADC2618DE2100D1C5DC /* fast-dtoa.cc in Sources */,
				53113AE42618DE2100D1C5DC /* bignum-dtoa.cc in Sources */,
				53113AD32618DE2100D1C5DC /* string-to-double.cc in Sources */,
				53113AD92618DE2100D1C5DC /* strtod.cc in Sources */,
				53113AD12618DE2100D1C5DC /* bignum.cc in Sources */,
				53113ADE2618DE2100D1C5DC /* double-to-string.cc in Sources */,
				53113ADF2618DE2100D1C5DC /* cached-powers.cc in Sources */,
				53113AD52618DE2100D1C5DC /* fixed-dtoa.cc in Sources */,
			);
			runOnlyForDeploymentPostprocessing = 0;
		};
/* End PBXSourcesBuildPhase section */

/* Begin XCBuildConfiguration section */
		53113AB22618DE1200D1C5DC /* Debug */ = {
			isa = XCBuildConfiguration;
			buildSettings = {
				ALWAYS_SEARCH_USER_PATHS = NO;
				CLANG_ANALYZER_NONNULL = YES;
				CLANG_ANALYZER_NUMBER_OBJECT_CONVERSION = YES_AGGRESSIVE;
				CLANG_CXX_LANGUAGE_STANDARD = "gnu++14";
				CLANG_CXX_LIBRARY = "libc++";
				CLANG_ENABLE_MODULES = YES;
				CLANG_ENABLE_OBJC_ARC = YES;
				CLANG_ENABLE_OBJC_WEAK = YES;
				CLANG_WARN_BLOCK_CAPTURE_AUTORELEASING = YES;
				CLANG_WARN_BOOL_CONVERSION = YES;
				CLANG_WARN_COMMA = YES;
				CLANG_WARN_CONSTANT_CONVERSION = YES;
				CLANG_WARN_DEPRECATED_OBJC_IMPLEMENTATIONS = YES;
				CLANG_WARN_DIRECT_OBJC_ISA_USAGE = YES_ERROR;
				CLANG_WARN_DOCUMENTATION_COMMENTS = YES;
				CLANG_WARN_EMPTY_BODY = YES;
				CLANG_WARN_ENUM_CONVERSION = YES;
				CLANG_WARN_INFINITE_RECURSION = YES;
				CLANG_WARN_INT_CONVERSION = YES;
				CLANG_WARN_NON_LITERAL_NULL_CONVERSION = YES;
				CLANG_WARN_OBJC_IMPLICIT_RETAIN_SELF = YES;
				CLANG_WARN_OBJC_LITERAL_CONVERSION = YES;
				CLANG_WARN_OBJC_ROOT_CLASS = YES_ERROR;
				CLANG_WARN_QUOTED_INCLUDE_IN_FRAMEWORK_HEADER = YES;
				CLANG_WARN_RANGE_LOOP_ANALYSIS = YES;
				CLANG_WARN_STRICT_PROTOTYPES = YES;
				CLANG_WARN_SUSPICIOUS_MOVE = YES;
				CLANG_WARN_UNGUARDED_AVAILABILITY = YES_AGGRESSIVE;
				CLANG_WARN_UNREACHABLE_CODE = YES;
				CLANG_WARN__DUPLICATE_METHOD_MATCH = YES;
				COPY_PHASE_STRIP = NO;
				CURRENT_PROJECT_VERSION = 1;
				DEBUG_INFORMATION_FORMAT = dwarf;
				ENABLE_STRICT_OBJC_MSGSEND = YES;
				ENABLE_TESTABILITY = YES;
				GCC_C_LANGUAGE_STANDARD = gnu11;
				GCC_DYNAMIC_NO_PIC = NO;
				GCC_NO_COMMON_BLOCKS = YES;
				GCC_OPTIMIZATION_LEVEL = 0;
				GCC_PREPROCESSOR_DEFINITIONS = (
					"DEBUG=1",
					"$(inherited)",
				);
				GCC_WARN_64_TO_32_BIT_CONVERSION = YES;
				GCC_WARN_ABOUT_RETURN_TYPE = YES_ERROR;
				GCC_WARN_UNDECLARED_SELECTOR = YES;
				GCC_WARN_UNINITIALIZED_AUTOS = YES_AGGRESSIVE;
				GCC_WARN_UNUSED_FUNCTION = YES;
				GCC_WARN_UNUSED_VARIABLE = YES;
				IPHONEOS_DEPLOYMENT_TARGET = 14.4;
				MTL_ENABLE_DEBUG_INFO = INCLUDE_SOURCE;
				MTL_FAST_MATH = YES;
				ONLY_ACTIVE_ARCH = YES;
				SDKROOT = iphoneos;
				VERSIONING_SYSTEM = "apple-generic";
				VERSION_INFO_PREFIX = "";
			};
			name = Debug;
		};
		53113AB32618DE1200D1C5DC /* Release */ = {
			isa = XCBuildConfiguration;
			buildSettings = {
				ALWAYS_SEARCH_USER_PATHS = NO;
				CLANG_ANALYZER_NONNULL = YES;
				CLANG_ANALYZER_NUMBER_OBJECT_CONVERSION = YES_AGGRESSIVE;
				CLANG_CXX_LANGUAGE_STANDARD = "gnu++14";
				CLANG_CXX_LIBRARY = "libc++";
				CLANG_ENABLE_MODULES = YES;
				CLANG_ENABLE_OBJC_ARC = YES;
				CLANG_ENABLE_OBJC_WEAK = YES;
				CLANG_WARN_BLOCK_CAPTURE_AUTORELEASING = YES;
				CLANG_WARN_BOOL_CONVERSION = YES;
				CLANG_WARN_COMMA = YES;
				CLANG_WARN_CONSTANT_CONVERSION = YES;
				CLANG_WARN_DEPRECATED_OBJC_IMPLEMENTATIONS = YES;
				CLANG_WARN_DIRECT_OBJC_ISA_USAGE = YES_ERROR;
				CLANG_WARN_DOCUMENTATION_COMMENTS = YES;
				CLANG_WARN_EMPTY_BODY = YES;
				CLANG_WARN_ENUM_CONVERSION = YES;
				CLANG_WARN_INFINITE_RECURSION = YES;
				CLANG_WARN_INT_CONVERSION = YES;
				CLANG_WARN_NON_LITERAL_NULL_CONVERSION = YES;
				CLANG_WARN_OBJC_IMPLICIT_RETAIN_SELF = YES;
				CLANG_WARN_OBJC_LITERAL_CONVERSION = YES;
				CLANG_WARN_OBJC_ROOT_CLASS = YES_ERROR;
				CLANG_WARN_QUOTED_INCLUDE_IN_FRAMEWORK_HEADER = YES;
				CLANG_WARN_RANGE_LOOP_ANALYSIS = YES;
				CLANG_WARN_STRICT_PROTOTYPES = YES;
				CLANG_WARN_SUSPICIOUS_MOVE = YES;
				CLANG_WARN_UNGUARDED_AVAILABILITY = YES_AGGRESSIVE;
				CLANG_WARN_UNREACHABLE_CODE = YES;
				CLANG_WARN__DUPLICATE_METHOD_MATCH = YES;
				COPY_PHASE_STRIP = NO;
				CURRENT_PROJECT_VERSION = 1;
				DEBUG_INFORMATION_FORMAT = "dwarf-with-dsym";
				ENABLE_NS_ASSERTIONS = NO;
				ENABLE_STRICT_OBJC_MSGSEND = YES;
				GCC_C_LANGUAGE_STANDARD = gnu11;
				GCC_NO_COMMON_BLOCKS = YES;
				GCC_WARN_64_TO_32_BIT_CONVERSION = YES;
				GCC_WARN_ABOUT_RETURN_TYPE = YES_ERROR;
				GCC_WARN_UNDECLARED_SELECTOR = YES;
				GCC_WARN_UNINITIALIZED_AUTOS = YES_AGGRESSIVE;
				GCC_WARN_UNUSED_FUNCTION = YES;
				GCC_WARN_UNUSED_VARIABLE = YES;
				IPHONEOS_DEPLOYMENT_TARGET = 14.4;
				MTL_ENABLE_DEBUG_INFO = NO;
				MTL_FAST_MATH = YES;
				SDKROOT = iphoneos;
				VALIDATE_PRODUCT = YES;
				VERSIONING_SYSTEM = "apple-generic";
				VERSION_INFO_PREFIX = "";
			};
			name = Release;
		};
		53113AB52618DE1200D1C5DC /* Debug */ = {
			isa = XCBuildConfiguration;
			buildSettings = {
				CODE_SIGN_STYLE = Automatic;
				DEFINES_MODULE = YES;
				DYLIB_COMPATIBILITY_VERSION = 1;
				DYLIB_CURRENT_VERSION = 1;
				DYLIB_INSTALL_NAME_BASE = "@rpath";
				INFOPLIST_FILE = DoubleConversion/Info.plist;
				INSTALL_PATH = "$(LOCAL_LIBRARY_DIR)/Frameworks";
				LD_RUNPATH_SEARCH_PATHS = (
					"$(inherited)",
					"@executable_path/Frameworks",
					"@loader_path/Frameworks",
				);
				PRODUCT_BUNDLE_IDENTIFIER = FB.Flipper.DoubleConversion;
				PRODUCT_NAME = "$(TARGET_NAME:c99extidentifier)";
				SKIP_INSTALL = YES;
				TARGETED_DEVICE_FAMILY = "1,2";
			};
			name = Debug;
		};
		53113AB62618DE1200D1C5DC /* Release */ = {
			isa = XCBuildConfiguration;
			buildSettings = {
				CODE_SIGN_STYLE = Automatic;
				DEFINES_MODULE = YES;
				DYLIB_COMPATIBILITY_VERSION = 1;
				DYLIB_CURRENT_VERSION = 1;
				DYLIB_INSTALL_NAME_BASE = "@rpath";
				INFOPLIST_FILE = DoubleConversion/Info.plist;
				INSTALL_PATH = "$(LOCAL_LIBRARY_DIR)/Frameworks";
				LD_RUNPATH_SEARCH_PATHS = (
					"$(inherited)",
					"@executable_path/Frameworks",
					"@loader_path/Frameworks",
				);
				PRODUCT_BUNDLE_IDENTIFIER = FB.Flipper.DoubleConversion;
				PRODUCT_NAME = "$(TARGET_NAME:c99extidentifier)";
				SKIP_INSTALL = YES;
				TARGETED_DEVICE_FAMILY = "1,2";
			};
			name = Release;
		};
/* End XCBuildConfiguration section */

/* Begin XCConfigurationList section */
		53113AA62618DE1200D1C5DC /* Build configuration list for PBXProject "DoubleConversion" */ = {
			isa = XCConfigurationList;
			buildConfigurations = (
				53113AB22618DE1200D1C5DC /* Debug */,
				53113AB32618DE1200D1C5DC /* Release */,
			);
			defaultConfigurationIsVisible = 0;
			defaultConfigurationName = Release;
		};
		53113AB42618DE1200D1C5DC /* Build configuration list for PBXNativeTarget "DoubleConversion" */ = {
			isa = XCConfigurationList;
			buildConfigurations = (
				53113AB52618DE1200D1C5DC /* Debug */,
				53113AB62618DE1200D1C5DC /* Release */,
			);
			defaultConfigurationIsVisible = 0;
			defaultConfigurationName = Release;
		};
/* End XCConfigurationList section */
	};
	rootObject = 53113AA32618DE1200D1C5DC /* Project object */;
}
